// !$*UTF8*$!
{
	archiveVersion = 1;
	classes = {
	};
	objectVersion = 56;
	objects = {

/* Begin PBXBuildFile section */
		185C354F2C7E46FF00D1EC6A /* QuityApp.swift in Sources */ = {isa = PBXBuildFile; fileRef = 185C354E2C7E46FF00D1EC6A /* QuityApp.swift */; };
		185C35512C7E46FF00D1EC6A /* ContentView.swift in Sources */ = {isa = PBXBuildFile; fileRef = 185C35502C7E46FF00D1EC6A /* ContentView.swift */; };
		185C35532C7E46FF00D1EC6A /* Item.swift in Sources */ = {isa = PBXBuildFile; fileRef = 185C35522C7E46FF00D1EC6A /* Item.swift */; };
		185C35552C7E470100D1EC6A /* Assets.xcassets in Resources */ = {isa = PBXBuildFile; fileRef = 185C35542C7E470100D1EC6A /* Assets.xcassets */; };
		185C35592C7E470100D1EC6A /* Preview Assets.xcassets in Resources */ = {isa = PBXBuildFile; fileRef = 185C35582C7E470100D1EC6A /* Preview Assets.xcassets */; };
		185C35612C7E47F500D1EC6A /* SettingsView.swift in Sources */ = {isa = PBXBuildFile; fileRef = 185C35602C7E47F500D1EC6A /* SettingsView.swift */; };
		185C35632C7E482B00D1EC6A /* NewHabitView.swift in Sources */ = {isa = PBXBuildFile; fileRef = 185C35622C7E482B00D1EC6A /* NewHabitView.swift */; };
		185C35AE2C864CE800D1EC6A /* Constants.swift in Sources */ = {isa = PBXBuildFile; fileRef = 185C35AD2C864CE800D1EC6A /* Constants.swift */; };
		185C35B12C864D2600D1EC6A /* Extenstions.swift in Sources */ = {isa = PBXBuildFile; fileRef = 185C35B02C864D2600D1EC6A /* Extenstions.swift */; };
		185C35B42C8C7C4A00D1EC6A /* DailyListTrackerItem.swift in Sources */ = {isa = PBXBuildFile; fileRef = 185C35B32C8C7C4A00D1EC6A /* DailyListTrackerItem.swift */; };
		185C35B72C8C7C8000D1EC6A /* ConfettiSwiftUI in Frameworks */ = {isa = PBXBuildFile; productRef = 185C35B62C8C7C8000D1EC6A /* ConfettiSwiftUI */; };
		185C35B92C8C7C9500D1EC6A /* OverAllListTrackerItem.swift in Sources */ = {isa = PBXBuildFile; fileRef = 185C35B82C8C7C9500D1EC6A /* OverAllListTrackerItem.swift */; };
		185C35BB2C8C7CB300D1EC6A /* WeeklyListTrackerItem.swift in Sources */ = {isa = PBXBuildFile; fileRef = 185C35BA2C8C7CB300D1EC6A /* WeeklyListTrackerItem.swift */; };
		185C35BE2C8C7CF600D1EC6A /* ContributionChart in Frameworks */ = {isa = PBXBuildFile; productRef = 185C35BD2C8C7CF600D1EC6A /* ContributionChart */; };
		185C35C02C8C7D7C00D1EC6A /* InfoView.swift in Sources */ = {isa = PBXBuildFile; fileRef = 185C35BF2C8C7D7C00D1EC6A /* InfoView.swift */; };
		185C35C32C8C7EA800D1EC6A /* Fastis in Frameworks */ = {isa = PBXBuildFile; productRef = 185C35C22C8C7EA800D1EC6A /* Fastis */; };
/* End PBXBuildFile section */

/* Begin PBXFileReference section */
		185C354B2C7E46FF00D1EC6A /* Quity.app */ = {isa = PBXFileReference; explicitFileType = wrapper.application; includeInIndex = 0; path = Quity.app; sourceTree = BUILT_PRODUCTS_DIR; };
		185C354E2C7E46FF00D1EC6A /* QuityApp.swift */ = {isa = PBXFileReference; lastKnownFileType = sourcecode.swift; path = QuityApp.swift; sourceTree = "<group>"; };
		185C35502C7E46FF00D1EC6A /* ContentView.swift */ = {isa = PBXFileReference; lastKnownFileType = sourcecode.swift; path = ContentView.swift; sourceTree = "<group>"; };
		185C35522C7E46FF00D1EC6A /* Item.swift */ = {isa = PBXFileReference; lastKnownFileType = sourcecode.swift; path = Item.swift; sourceTree = "<group>"; };
		185C35542C7E470100D1EC6A /* Assets.xcassets */ = {isa = PBXFileReference; lastKnownFileType = folder.assetcatalog; path = Assets.xcassets; sourceTree = "<group>"; };
		185C35562C7E470100D1EC6A /* Quity.entitlements */ = {isa = PBXFileReference; lastKnownFileType = text.plist.entitlements; path = Quity.entitlements; sourceTree = "<group>"; };
		185C35582C7E470100D1EC6A /* Preview Assets.xcassets */ = {isa = PBXFileReference; lastKnownFileType = folder.assetcatalog; path = "Preview Assets.xcassets"; sourceTree = "<group>"; };
		185C35602C7E47F500D1EC6A /* SettingsView.swift */ = {isa = PBXFileReference; lastKnownFileType = sourcecode.swift; path = SettingsView.swift; sourceTree = "<group>"; };
		185C35622C7E482B00D1EC6A /* NewHabitView.swift */ = {isa = PBXFileReference; lastKnownFileType = sourcecode.swift; path = NewHabitView.swift; sourceTree = "<group>"; };
		185C35AD2C864CE800D1EC6A /* Constants.swift */ = {isa = PBXFileReference; lastKnownFileType = sourcecode.swift; path = Constants.swift; sourceTree = "<group>"; };
		185C35B02C864D2600D1EC6A /* Extenstions.swift */ = {isa = PBXFileReference; lastKnownFileType = sourcecode.swift; path = Extenstions.swift; sourceTree = "<group>"; };
		185C35B32C8C7C4A00D1EC6A /* DailyListTrackerItem.swift */ = {isa = PBXFileReference; lastKnownFileType = sourcecode.swift; path = DailyListTrackerItem.swift; sourceTree = "<group>"; };
		185C35B82C8C7C9500D1EC6A /* OverAllListTrackerItem.swift */ = {isa = PBXFileReference; lastKnownFileType = sourcecode.swift; path = OverAllListTrackerItem.swift; sourceTree = "<group>"; };
		185C35BA2C8C7CB300D1EC6A /* WeeklyListTrackerItem.swift */ = {isa = PBXFileReference; lastKnownFileType = sourcecode.swift; path = WeeklyListTrackerItem.swift; sourceTree = "<group>"; };
		185C35BF2C8C7D7C00D1EC6A /* InfoView.swift */ = {isa = PBXFileReference; lastKnownFileType = sourcecode.swift; path = InfoView.swift; sourceTree = "<group>"; };
/* End PBXFileReference section */

/* Begin PBXFrameworksBuildPhase section */
		185C35482C7E46FF00D1EC6A /* Frameworks */ = {
			isa = PBXFrameworksBuildPhase;
			buildActionMask = 2147483647;
			files = (
				185C35B72C8C7C8000D1EC6A /* ConfettiSwiftUI in Frameworks */,
				185C35C32C8C7EA800D1EC6A /* Fastis in Frameworks */,
				185C35BE2C8C7CF600D1EC6A /* ContributionChart in Frameworks */,
			);
			runOnlyForDeploymentPostprocessing = 0;
		};
/* End PBXFrameworksBuildPhase section */

/* Begin PBXGroup section */
		185C35422C7E46FF00D1EC6A = {
			isa = PBXGroup;
			children = (
				185C354D2C7E46FF00D1EC6A /* Quity */,
				185C354C2C7E46FF00D1EC6A /* Products */,
			);
			sourceTree = "<group>";
		};
		185C354C2C7E46FF00D1EC6A /* Products */ = {
			isa = PBXGroup;
			children = (
				185C354B2C7E46FF00D1EC6A /* Quity.app */,
			);
			name = Products;
			sourceTree = "<group>";
		};
		185C354D2C7E46FF00D1EC6A /* Quity */ = {
			isa = PBXGroup;
			children = (
				185C35AF2C864D1400D1EC6A /* Extensions */,
				185C35AC2C864CB900D1EC6A /* Constants */,
				185C355F2C7E47DA00D1EC6A /* Views */,
				185C354E2C7E46FF00D1EC6A /* QuityApp.swift */,
				185C35522C7E46FF00D1EC6A /* Item.swift */,
				185C35542C7E470100D1EC6A /* Assets.xcassets */,
				185C35562C7E470100D1EC6A /* Quity.entitlements */,
				185C35572C7E470100D1EC6A /* Preview Content */,
			);
			path = Quity;
			sourceTree = "<group>";
		};
		185C35572C7E470100D1EC6A /* Preview Content */ = {
			isa = PBXGroup;
			children = (
				185C35582C7E470100D1EC6A /* Preview Assets.xcassets */,
			);
			path = "Preview Content";
			sourceTree = "<group>";
		};
		185C355F2C7E47DA00D1EC6A /* Views */ = {
			isa = PBXGroup;
			children = (
				185C35B22C8C7C2100D1EC6A /* ListTrackerItems */,
				185C35502C7E46FF00D1EC6A /* ContentView.swift */,
				185C35602C7E47F500D1EC6A /* SettingsView.swift */,
				185C35622C7E482B00D1EC6A /* NewHabitView.swift */,
				185C35BF2C8C7D7C00D1EC6A /* InfoView.swift */,
			);
			path = Views;
			sourceTree = "<group>";
		};
		185C35AC2C864CB900D1EC6A /* Constants */ = {
			isa = PBXGroup;
			children = (
				185C35AD2C864CE800D1EC6A /* Constants.swift */,
			);
			path = Constants;
			sourceTree = "<group>";
		};
		185C35AF2C864D1400D1EC6A /* Extensions */ = {
			isa = PBXGroup;
			children = (
				185C35B02C864D2600D1EC6A /* Extenstions.swift */,
			);
			path = Extensions;
			sourceTree = "<group>";
		};
		185C35B22C8C7C2100D1EC6A /* ListTrackerItems */ = {
			isa = PBXGroup;
			children = (
				185C35B32C8C7C4A00D1EC6A /* DailyListTrackerItem.swift */,
				185C35B82C8C7C9500D1EC6A /* OverAllListTrackerItem.swift */,
				185C35BA2C8C7CB300D1EC6A /* WeeklyListTrackerItem.swift */,
			);
			path = ListTrackerItems;
			sourceTree = "<group>";
		};
/* End PBXGroup section */

/* Begin PBXNativeTarget section */
		185C354A2C7E46FF00D1EC6A /* Quity */ = {
			isa = PBXNativeTarget;
			buildConfigurationList = 185C355C2C7E470100D1EC6A /* Build configuration list for PBXNativeTarget "Quity" */;
			buildPhases = (
				185C35472C7E46FF00D1EC6A /* Sources */,
				185C35482C7E46FF00D1EC6A /* Frameworks */,
				185C35492C7E46FF00D1EC6A /* Resources */,
			);
			buildRules = (
			);
			dependencies = (
			);
			name = Quity;
			packageProductDependencies = (
				185C35B62C8C7C8000D1EC6A /* ConfettiSwiftUI */,
				185C35BD2C8C7CF600D1EC6A /* ContributionChart */,
				185C35C22C8C7EA800D1EC6A /* Fastis */,
			);
			productName = Quity;
			productReference = 185C354B2C7E46FF00D1EC6A /* Quity.app */;
			productType = "com.apple.product-type.application";
		};
/* End PBXNativeTarget section */

/* Begin PBXProject section */
		185C35432C7E46FF00D1EC6A /* Project object */ = {
			isa = PBXProject;
			attributes = {
				BuildIndependentTargetsInParallel = 1;
				LastSwiftUpdateCheck = 1530;
				LastUpgradeCheck = 1530;
				TargetAttributes = {
					185C354A2C7E46FF00D1EC6A = {
						CreatedOnToolsVersion = 15.3;
					};
				};
			};
			buildConfigurationList = 185C35462C7E46FF00D1EC6A /* Build configuration list for PBXProject "Quity" */;
			compatibilityVersion = "Xcode 14.0";
			developmentRegion = en;
			hasScannedForEncodings = 0;
			knownRegions = (
				en,
				Base,
			);
			mainGroup = 185C35422C7E46FF00D1EC6A;
			packageReferences = (
				185C35B52C8C7C8000D1EC6A /* XCRemoteSwiftPackageReference "ConfettiSwiftUI" */,
				185C35BC2C8C7CF600D1EC6A /* XCRemoteSwiftPackageReference "SwiftUI-ContributionChart" */,
				185C35C12C8C7EA800D1EC6A /* XCRemoteSwiftPackageReference "Fastis" */,
			);
			productRefGroup = 185C354C2C7E46FF00D1EC6A /* Products */;
			projectDirPath = "";
			projectRoot = "";
			targets = (
				185C354A2C7E46FF00D1EC6A /* Quity */,
			);
		};
/* End PBXProject section */

/* Begin PBXResourcesBuildPhase section */
		185C35492C7E46FF00D1EC6A /* Resources */ = {
			isa = PBXResourcesBuildPhase;
			buildActionMask = 2147483647;
			files = (
				185C35592C7E470100D1EC6A /* Preview Assets.xcassets in Resources */,
				185C35552C7E470100D1EC6A /* Assets.xcassets in Resources */,
			);
			runOnlyForDeploymentPostprocessing = 0;
		};
/* End PBXResourcesBuildPhase section */

/* Begin PBXSourcesBuildPhase section */
		185C35472C7E46FF00D1EC6A /* Sources */ = {
			isa = PBXSourcesBuildPhase;
			buildActionMask = 2147483647;
			files = (
				185C35512C7E46FF00D1EC6A /* ContentView.swift in Sources */,
				185C35C02C8C7D7C00D1EC6A /* InfoView.swift in Sources */,
				185C35612C7E47F500D1EC6A /* SettingsView.swift in Sources */,
				185C35B12C864D2600D1EC6A /* Extenstions.swift in Sources */,
				185C35B92C8C7C9500D1EC6A /* OverAllListTrackerItem.swift in Sources */,
				185C35532C7E46FF00D1EC6A /* Item.swift in Sources */,
				185C35632C7E482B00D1EC6A /* NewHabitView.swift in Sources */,
				185C35BB2C8C7CB300D1EC6A /* WeeklyListTrackerItem.swift in Sources */,
				185C354F2C7E46FF00D1EC6A /* QuityApp.swift in Sources */,
				185C35AE2C864CE800D1EC6A /* Constants.swift in Sources */,
				185C35B42C8C7C4A00D1EC6A /* DailyListTrackerItem.swift in Sources */,
			);
			runOnlyForDeploymentPostprocessing = 0;
		};
/* End PBXSourcesBuildPhase section */

/* Begin XCBuildConfiguration section */
		185C355A2C7E470100D1EC6A /* Debug */ = {
			isa = XCBuildConfiguration;
			buildSettings = {
				ALWAYS_SEARCH_USER_PATHS = NO;
				ASSETCATALOG_COMPILER_GENERATE_SWIFT_ASSET_SYMBOL_EXTENSIONS = YES;
				CLANG_ANALYZER_NONNULL = YES;
				CLANG_ANALYZER_NUMBER_OBJECT_CONVERSION = YES_AGGRESSIVE;
				CLANG_CXX_LANGUAGE_STANDARD = "gnu++20";
				CLANG_ENABLE_MODULES = YES;
				CLANG_ENABLE_OBJC_ARC = YES;
				CLANG_ENABLE_OBJC_WEAK = YES;
				CLANG_WARN_BLOCK_CAPTURE_AUTORELEASING = YES;
				CLANG_WARN_BOOL_CONVERSION = YES;
				CLANG_WARN_COMMA = YES;
				CLANG_WARN_CONSTANT_CONVERSION = YES;
				CLANG_WARN_DEPRECATED_OBJC_IMPLEMENTATIONS = YES;
				CLANG_WARN_DIRECT_OBJC_ISA_USAGE = YES_ERROR;
				CLANG_WARN_DOCUMENTATION_COMMENTS = YES;
				CLANG_WARN_EMPTY_BODY = YES;
				CLANG_WARN_ENUM_CONVERSION = YES;
				CLANG_WARN_INFINITE_RECURSION = YES;
				CLANG_WARN_INT_CONVERSION = YES;
				CLANG_WARN_NON_LITERAL_NULL_CONVERSION = YES;
				CLANG_WARN_OBJC_IMPLICIT_RETAIN_SELF = YES;
				CLANG_WARN_OBJC_LITERAL_CONVERSION = YES;
				CLANG_WARN_OBJC_ROOT_CLASS = YES_ERROR;
				CLANG_WARN_QUOTED_INCLUDE_IN_FRAMEWORK_HEADER = YES;
				CLANG_WARN_RANGE_LOOP_ANALYSIS = YES;
				CLANG_WARN_STRICT_PROTOTYPES = YES;
				CLANG_WARN_SUSPICIOUS_MOVE = YES;
				CLANG_WARN_UNGUARDED_AVAILABILITY = YES_AGGRESSIVE;
				CLANG_WARN_UNREACHABLE_CODE = YES;
				CLANG_WARN__DUPLICATE_METHOD_MATCH = YES;
				COPY_PHASE_STRIP = NO;
				DEBUG_INFORMATION_FORMAT = dwarf;
				ENABLE_STRICT_OBJC_MSGSEND = YES;
				ENABLE_TESTABILITY = YES;
				ENABLE_USER_SCRIPT_SANDBOXING = YES;
				GCC_C_LANGUAGE_STANDARD = gnu17;
				GCC_DYNAMIC_NO_PIC = NO;
				GCC_NO_COMMON_BLOCKS = YES;
				GCC_OPTIMIZATION_LEVEL = 0;
				GCC_PREPROCESSOR_DEFINITIONS = (
					"DEBUG=1",
					"$(inherited)",
				);
				GCC_WARN_64_TO_32_BIT_CONVERSION = YES;
				GCC_WARN_ABOUT_RETURN_TYPE = YES_ERROR;
				GCC_WARN_UNDECLARED_SELECTOR = YES;
				GCC_WARN_UNINITIALIZED_AUTOS = YES_AGGRESSIVE;
				GCC_WARN_UNUSED_FUNCTION = YES;
				GCC_WARN_UNUSED_VARIABLE = YES;
				LOCALIZATION_PREFERS_STRING_CATALOGS = YES;
				MTL_ENABLE_DEBUG_INFO = INCLUDE_SOURCE;
				MTL_FAST_MATH = YES;
				ONLY_ACTIVE_ARCH = YES;
				SWIFT_ACTIVE_COMPILATION_CONDITIONS = "DEBUG $(inherited)";
				SWIFT_OPTIMIZATION_LEVEL = "-Onone";
			};
			name = Debug;
		};
		185C355B2C7E470100D1EC6A /* Release */ = {
			isa = XCBuildConfiguration;
			buildSettings = {
				ALWAYS_SEARCH_USER_PATHS = NO;
				ASSETCATALOG_COMPILER_GENERATE_SWIFT_ASSET_SYMBOL_EXTENSIONS = YES;
				CLANG_ANALYZER_NONNULL = YES;
				CLANG_ANALYZER_NUMBER_OBJECT_CONVERSION = YES_AGGRESSIVE;
				CLANG_CXX_LANGUAGE_STANDARD = "gnu++20";
				CLANG_ENABLE_MODULES = YES;
				CLANG_ENABLE_OBJC_ARC = YES;
				CLANG_ENABLE_OBJC_WEAK = YES;
				CLANG_WARN_BLOCK_CAPTURE_AUTORELEASING = YES;
				CLANG_WARN_BOOL_CONVERSION = YES;
				CLANG_WARN_COMMA = YES;
				CLANG_WARN_CONSTANT_CONVERSION = YES;
				CLANG_WARN_DEPRECATED_OBJC_IMPLEMENTATIONS = YES;
				CLANG_WARN_DIRECT_OBJC_ISA_USAGE = YES_ERROR;
				CLANG_WARN_DOCUMENTATION_COMMENTS = YES;
				CLANG_WARN_EMPTY_BODY = YES;
				CLANG_WARN_ENUM_CONVERSION = YES;
				CLANG_WARN_INFINITE_RECURSION = YES;
				CLANG_WARN_INT_CONVERSION = YES;
				CLANG_WARN_NON_LITERAL_NULL_CONVERSION = YES;
				CLANG_WARN_OBJC_IMPLICIT_RETAIN_SELF = YES;
				CLANG_WARN_OBJC_LITERAL_CONVERSION = YES;
				CLANG_WARN_OBJC_ROOT_CLASS = YES_ERROR;
				CLANG_WARN_QUOTED_INCLUDE_IN_FRAMEWORK_HEADER = YES;
				CLANG_WARN_RANGE_LOOP_ANALYSIS = YES;
				CLANG_WARN_STRICT_PROTOTYPES = YES;
				CLANG_WARN_SUSPICIOUS_MOVE = YES;
				CLANG_WARN_UNGUARDED_AVAILABILITY = YES_AGGRESSIVE;
				CLANG_WARN_UNREACHABLE_CODE = YES;
				CLANG_WARN__DUPLICATE_METHOD_MATCH = YES;
				COPY_PHASE_STRIP = NO;
				DEBUG_INFORMATION_FORMAT = "dwarf-with-dsym";
				ENABLE_NS_ASSERTIONS = NO;
				ENABLE_STRICT_OBJC_MSGSEND = YES;
				ENABLE_USER_SCRIPT_SANDBOXING = YES;
				GCC_C_LANGUAGE_STANDARD = gnu17;
				GCC_NO_COMMON_BLOCKS = YES;
				GCC_WARN_64_TO_32_BIT_CONVERSION = YES;
				GCC_WARN_ABOUT_RETURN_TYPE = YES_ERROR;
				GCC_WARN_UNDECLARED_SELECTOR = YES;
				GCC_WARN_UNINITIALIZED_AUTOS = YES_AGGRESSIVE;
				GCC_WARN_UNUSED_FUNCTION = YES;
				GCC_WARN_UNUSED_VARIABLE = YES;
				LOCALIZATION_PREFERS_STRING_CATALOGS = YES;
				MTL_ENABLE_DEBUG_INFO = NO;
				MTL_FAST_MATH = YES;
				SWIFT_COMPILATION_MODE = wholemodule;
			};
			name = Release;
		};
		185C355D2C7E470100D1EC6A /* Debug */ = {
			isa = XCBuildConfiguration;
			buildSettings = {
				ASSETCATALOG_COMPILER_APPICON_NAME = AppIcon;
				ASSETCATALOG_COMPILER_GLOBAL_ACCENT_COLOR_NAME = AccentColor;
				CODE_SIGN_ENTITLEMENTS = Quity/Quity.entitlements;
				CODE_SIGN_STYLE = Automatic;
				CURRENT_PROJECT_VERSION = 1;
				DEVELOPMENT_ASSET_PATHS = "\"Quity/Preview Content\"";
				DEVELOPMENT_TEAM = YP6X3H62GH;
				ENABLE_HARDENED_RUNTIME = YES;
				ENABLE_PREVIEWS = YES;
				GENERATE_INFOPLIST_FILE = YES;
				"INFOPLIST_KEY_UIApplicationSceneManifest_Generation[sdk=iphoneos*]" = YES;
				"INFOPLIST_KEY_UIApplicationSceneManifest_Generation[sdk=iphonesimulator*]" = YES;
				"INFOPLIST_KEY_UIApplicationSupportsIndirectInputEvents[sdk=iphoneos*]" = YES;
				"INFOPLIST_KEY_UIApplicationSupportsIndirectInputEvents[sdk=iphonesimulator*]" = YES;
				"INFOPLIST_KEY_UILaunchScreen_Generation[sdk=iphoneos*]" = YES;
				"INFOPLIST_KEY_UILaunchScreen_Generation[sdk=iphonesimulator*]" = YES;
				"INFOPLIST_KEY_UIStatusBarStyle[sdk=iphoneos*]" = UIStatusBarStyleDefault;
				"INFOPLIST_KEY_UIStatusBarStyle[sdk=iphonesimulator*]" = UIStatusBarStyleDefault;
				INFOPLIST_KEY_UISupportedInterfaceOrientations_iPad = "UIInterfaceOrientationPortrait UIInterfaceOrientationPortraitUpsideDown UIInterfaceOrientationLandscapeLeft UIInterfaceOrientationLandscapeRight";
				INFOPLIST_KEY_UISupportedInterfaceOrientations_iPhone = "UIInterfaceOrientationPortrait UIInterfaceOrientationLandscapeLeft UIInterfaceOrientationLandscapeRight";
				IPHONEOS_DEPLOYMENT_TARGET = 17.4;
				LD_RUNPATH_SEARCH_PATHS = "@executable_path/Frameworks";
				"LD_RUNPATH_SEARCH_PATHS[sdk=macosx*]" = "@executable_path/../Frameworks";
				MACOSX_DEPLOYMENT_TARGET = 14.0;
				MARKETING_VERSION = 1.0;
				PRODUCT_BUNDLE_IDENTIFIER = "zmdj15-gmail.com.Quity";
				PRODUCT_NAME = "$(TARGET_NAME)";
				SDKROOT = auto;
				SUPPORTED_PLATFORMS = "iphoneos iphonesimulator macosx";
				SWIFT_EMIT_LOC_STRINGS = YES;
				SWIFT_VERSION = 5.0;
				TARGETED_DEVICE_FAMILY = "1,2";
			};
			name = Debug;
		};
		185C355E2C7E470100D1EC6A /* Release */ = {
			isa = XCBuildConfiguration;
			buildSettings = {
				ASSETCATALOG_COMPILER_APPICON_NAME = AppIcon;
				ASSETCATALOG_COMPILER_GLOBAL_ACCENT_COLOR_NAME = AccentColor;
				CODE_SIGN_ENTITLEMENTS = Quity/Quity.entitlements;
				CODE_SIGN_STYLE = Automatic;
				CURRENT_PROJECT_VERSION = 1;
				DEVELOPMENT_ASSET_PATHS = "\"Quity/Preview Content\"";
				DEVELOPMENT_TEAM = YP6X3H62GH;
				ENABLE_HARDENED_RUNTIME = YES;
				ENABLE_PREVIEWS = YES;
				GENERATE_INFOPLIST_FILE = YES;
				"INFOPLIST_KEY_UIApplicationSceneManifest_Generation[sdk=iphoneos*]" = YES;
				"INFOPLIST_KEY_UIApplicationSceneManifest_Generation[sdk=iphonesimulator*]" = YES;
				"INFOPLIST_KEY_UIApplicationSupportsIndirectInputEvents[sdk=iphoneos*]" = YES;
				"INFOPLIST_KEY_UIApplicationSupportsIndirectInputEvents[sdk=iphonesimulator*]" = YES;
				"INFOPLIST_KEY_UILaunchScreen_Generation[sdk=iphoneos*]" = YES;
				"INFOPLIST_KEY_UILaunchScreen_Generation[sdk=iphonesimulator*]" = YES;
				"INFOPLIST_KEY_UIStatusBarStyle[sdk=iphoneos*]" = UIStatusBarStyleDefault;
				"INFOPLIST_KEY_UIStatusBarStyle[sdk=iphonesimulator*]" = UIStatusBarStyleDefault;
				INFOPLIST_KEY_UISupportedInterfaceOrientations_iPad = "UIInterfaceOrientationPortrait UIInterfaceOrientationPortraitUpsideDown UIInterfaceOrientationLandscapeLeft UIInterfaceOrientationLandscapeRight";
				INFOPLIST_KEY_UISupportedInterfaceOrientations_iPhone = "UIInterfaceOrientationPortrait UIInterfaceOrientationLandscapeLeft UIInterfaceOrientationLandscapeRight";
				IPHONEOS_DEPLOYMENT_TARGET = 17.4;
				LD_RUNPATH_SEARCH_PATHS = "@executable_path/Frameworks";
				"LD_RUNPATH_SEARCH_PATHS[sdk=macosx*]" = "@executable_path/../Frameworks";
				MACOSX_DEPLOYMENT_TARGET = 14.0;
				MARKETING_VERSION = 1.0;
				PRODUCT_BUNDLE_IDENTIFIER = "zmdj15-gmail.com.Quity";
				PRODUCT_NAME = "$(TARGET_NAME)";
				SDKROOT = auto;
				SUPPORTED_PLATFORMS = "iphoneos iphonesimulator macosx";
				SWIFT_EMIT_LOC_STRINGS = YES;
				SWIFT_VERSION = 5.0;
				TARGETED_DEVICE_FAMILY = "1,2";
			};
			name = Release;
		};
/* End XCBuildConfiguration section */

/* Begin XCConfigurationList section */
		185C35462C7E46FF00D1EC6A /* Build configuration list for PBXProject "Quity" */ = {
			isa = XCConfigurationList;
			buildConfigurations = (
				185C355A2C7E470100D1EC6A /* Debug */,
				185C355B2C7E470100D1EC6A /* Release */,
			);
			defaultConfigurationIsVisible = 0;
			defaultConfigurationName = Release;
		};
		185C355C2C7E470100D1EC6A /* Build configuration list for PBXNativeTarget "Quity" */ = {
			isa = XCConfigurationList;
			buildConfigurations = (
				185C355D2C7E470100D1EC6A /* Debug */,
				185C355E2C7E470100D1EC6A /* Release */,
			);
			defaultConfigurationIsVisible = 0;
			defaultConfigurationName = Release;
		};
/* End XCConfigurationList section */

/* Begin XCRemoteSwiftPackageReference section */
		185C35B52C8C7C8000D1EC6A /* XCRemoteSwiftPackageReference "ConfettiSwiftUI" */ = {
			isa = XCRemoteSwiftPackageReference;
			repositoryURL = "https://github.com/simibac/ConfettiSwiftUI";
			requirement = {
				kind = upToNextMajorVersion;
				minimumVersion = 1.1.0;
			};
		};
		185C35BC2C8C7CF600D1EC6A /* XCRemoteSwiftPackageReference "SwiftUI-ContributionChart" */ = {
			isa = XCRemoteSwiftPackageReference;
			repositoryURL = "https://github.com/VIkill33/SwiftUI-ContributionChart";
			requirement = {
				kind = upToNextMajorVersion;
				minimumVersion = 1.0.3;
			};
		};
		185C35C12C8C7EA800D1EC6A /* XCRemoteSwiftPackageReference "Fastis" */ = {
			isa = XCRemoteSwiftPackageReference;
			repositoryURL = "https://github.com/simla-tech/Fastis";
			requirement = {
				kind = upToNextMajorVersion;
				minimumVersion = 3.2.0;
			};
		};
/* End XCRemoteSwiftPackageReference section */

/* Begin XCSwiftPackageProductDependency section */
		185C35B62C8C7C8000D1EC6A /* ConfettiSwiftUI */ = {
			isa = XCSwiftPackageProductDependency;
			package = 185C35B52C8C7C8000D1EC6A /* XCRemoteSwiftPackageReference "ConfettiSwiftUI" */;
			productName = ConfettiSwiftUI;
		};
		185C35BD2C8C7CF600D1EC6A /* ContributionChart */ = {
			isa = XCSwiftPackageProductDependency;
			package = 185C35BC2C8C7CF600D1EC6A /* XCRemoteSwiftPackageReference "SwiftUI-ContributionChart" */;
			productName = ContributionChart;
		};
		185C35C22C8C7EA800D1EC6A /* Fastis */ = {
			isa = XCSwiftPackageProductDependency;
			package = 185C35C12C8C7EA800D1EC6A /* XCRemoteSwiftPackageReference "Fastis" */;
			productName = Fastis;
		};
/* End XCSwiftPackageProductDependency section */
	};
	rootObject = 185C35432C7E46FF00D1EC6A /* Project object */;
}
